
Microsoft Visual Studio Solution File, Format Version 12.00
# Visual Studio Version 17
VisualStudioVersion = 17.0.31903.59
MinimumVisualStudioVersion = 10.0.40219.1
Project("{FAE04EC0-301F-11D3-BF4B-00C04F79EFBC}") = "ConsoleAppPractise", "ConsoleAppPractise\ConsoleAppPractise.csproj", "{58FC0E5A-0E48-4FFE-8C30-0E5B544B0F0D}"
EndProject
Project("{FAE04EC0-301F-11D3-BF4B-00C04F79EFBC}") = "ConsoleApp1", "ConsoleApp1\ConsoleApp1.csproj", "{7143EC40-6C06-4CCC-94D1-CCFF9A406996}"
EndProject
Project("{2150E333-8FDC-42A3-9474-1A3956D46DE8}") = "assigment 1", "assigment 1", "{4431B2C4-C82F-BA8B-99C3-F4160638C324}"
EndProject
Project("{FAE04EC0-301F-11D3-BF4B-00C04F79EFBC}") = "ConsoleAppAssigment", "assigment 1\ConsoleAppAssigment\ConsoleAppAssigment.csproj", "{877286DB-8E85-4205-B358-4629478C4C5B}"
EndProject
Global
	GlobalSection(SolutionConfigurationPlatforms) = preSolution
		Debug|Any CPU = Debug|Any CPU
		Debug|x64 = Debug|x64
		Debug|x86 = Debug|x86
		Release|Any CPU = Release|Any CPU
		Release|x64 = Release|x64
		Release|x86 = Release|x86
	EndGlobalSection
	GlobalSection(ProjectConfigurationPlatforms) = postSolution
		{58FC0E5A-0E48-4FFE-8C30-0E5B544B0F0D}.Debug|Any CPU.ActiveCfg = Debug|Any CPU
		{58FC0E5A-0E48-4FFE-8C30-0E5B544B0F0D}.Debug|Any CPU.Build.0 = Debug|Any CPU
		{58FC0E5A-0E48-4FFE-8C30-0E5B544B0F0D}.Debug|x64.ActiveCfg = Debug|Any CPU
		{58FC0E5A-0E48-4FFE-8C30-0E5B544B0F0D}.Debug|x64.Build.0 = Debug|Any CPU
		{58FC0E5A-0E48-4FFE-8C30-0E5B544B0F0D}.Debug|x86.ActiveCfg = Debug|Any CPU
		{58FC0E5A-0E48-4FFE-8C30-0E5B544B0F0D}.Debug|x86.Build.0 = Debug|Any CPU
		{58FC0E5A-0E48-4FFE-8C30-0E5B544B0F0D}.Release|Any CPU.ActiveCfg = Release|Any CPU
		{58FC0E5A-0E48-4FFE-8C30-0E5B544B0F0D}.Release|Any CPU.Build.0 = Release|Any CPU
		{58FC0E5A-0E48-4FFE-8C30-0E5B544B0F0D}.Release|x64.ActiveCfg = Release|Any CPU
		{58FC0E5A-0E48-4FFE-8C30-0E5B544B0F0D}.Release|x64.Build.0 = Release|Any CPU
		{58FC0E5A-0E48-4FFE-8C30-0E5B544B0F0D}.Release|x86.ActiveCfg = Release|Any CPU
		{58FC0E5A-0E48-4FFE-8C30-0E5B544B0F0D}.Release|x86.Build.0 = Release|Any CPU
		{7143EC40-6C06-4CCC-94D1-CCFF9A406996}.Debug|Any CPU.ActiveCfg = Debug|Any CPU
		{7143EC40-6C06-4CCC-94D1-CCFF9A406996}.Debug|Any CPU.Build.0 = Debug|Any CPU
		{7143EC40-6C06-4CCC-94D1-CCFF9A406996}.Debug|x64.ActiveCfg = Debug|Any CPU
		{7143EC40-6C06-4CCC-94D1-CCFF9A406996}.Debug|x64.Build.0 = Debug|Any CPU
		{7143EC40-6C06-4CCC-94D1-CCFF9A406996}.Debug|x86.ActiveCfg = Debug|Any CPU
		{7143EC40-6C06-4CCC-94D1-CCFF9A406996}.Debug|x86.Build.0 = Debug|Any CPU
		{7143EC40-6C06-4CCC-94D1-CCFF9A406996}.Release|Any CPU.ActiveCfg = Release|Any CPU
		{7143EC40-6C06-4CCC-94D1-CCFF9A406996}.Release|Any CPU.Build.0 = Release|Any CPU
		{7143EC40-6C06-4CCC-94D1-CCFF9A406996}.Release|x64.ActiveCfg = Release|Any CPU
		{7143EC40-6C06-4CCC-94D1-CCFF9A406996}.Release|x64.Build.0 = Release|Any CPU
		{7143EC40-6C06-4CCC-94D1-CCFF9A406996}.Release|x86.ActiveCfg = Release|Any CPU
		{7143EC40-6C06-4CCC-94D1-CCFF9A406996}.Release|x86.Build.0 = Release|Any CPU
		{877286DB-8E85-4205-B358-4629478C4C5B}.Debug|Any CPU.ActiveCfg = Debug|Any CPU
		{877286DB-8E85-4205-B358-4629478C4C5B}.Debug|Any CPU.Build.0 = Debug|Any CPU
		{877286DB-8E85-4205-B358-4629478C4C5B}.Debug|x64.ActiveCfg = Debug|Any CPU
		{877286DB-8E85-4205-B358-4629478C4C5B}.Debug|x64.Build.0 = Debug|Any CPU
		{877286DB-8E85-4205-B358-4629478C4C5B}.Debug|x86.ActiveCfg = Debug|Any CPU
		{877286DB-8E85-4205-B358-4629478C4C5B}.Debug|x86.Build.0 = Debug|Any CPU
		{877286DB-8E85-4205-B358-4629478C4C5B}.Release|Any CPU.ActiveCfg = Release|Any CPU
		{877286DB-8E85-4205-B358-4629478C4C5B}.Release|Any CPU.Build.0 = Release|Any CPU
		{877286DB-8E85-4205-B358-4629478C4C5B}.Release|x64.ActiveCfg = Release|Any CPU
		{877286DB-8E85-4205-B358-4629478C4C5B}.Release|x64.Build.0 = Release|Any CPU
		{877286DB-8E85-4205-B358-4629478C4C5B}.Release|x86.ActiveCfg = Release|Any CPU
		{877286DB-8E85-4205-B358-4629478C4C5B}.Release|x86.Build.0 = Release|Any CPU
	EndGlobalSection
	GlobalSection(SolutionProperties) = preSolution
		HideSolutionNode = FALSE
	EndGlobalSection
	GlobalSection(NestedProjects) = preSolution
		{877286DB-8E85-4205-B358-4629478C4C5B} = {4431B2C4-C82F-BA8B-99C3-F4160638C324}
	EndGlobalSection
EndGlobal
